// !$*UTF8*$!
{
	archiveVersion = 1;
	classes = {
	};
	objectVersion = 46;
	objects = {

/* Begin PBXBuildFile section */
		3A1748C519F0CFF300F1FE2E /* MainMenuViewController.m in Sources */ = {isa = PBXBuildFile; fileRef = 3A1748C319F0CFF300F1FE2E /* MainMenuViewController.m */; };
		3A1748C619F0CFF300F1FE2E /* MainMenuViewController.xib in Resources */ = {isa = PBXBuildFile; fileRef = 3A1748C419F0CFF300F1FE2E /* MainMenuViewController.xib */; };
		3A1748CA19F0F56F00F1FE2E /* GameOverViewController.m in Sources */ = {isa = PBXBuildFile; fileRef = 3A1748C819F0F56F00F1FE2E /* GameOverViewController.m */; };
		3A1748CB19F0F56F00F1FE2E /* GameOverViewController.xib in Resources */ = {isa = PBXBuildFile; fileRef = 3A1748C919F0F56F00F1FE2E /* GameOverViewController.xib */; };
		3A553E3919EF5DB7005FE35B /* meteor.png in Resources */ = {isa = PBXBuildFile; fileRef = 3A553E3819EF5DB7005FE35B /* meteor.png */; };
		3A7FBB9719EE50B700CEFC43 /* Foundation.framework in Frameworks */ = {isa = PBXBuildFile; fileRef = 3A7FBB9619EE50B700CEFC43 /* Foundation.framework */; };
		3A7FBB9919EE50B700CEFC43 /* CoreGraphics.framework in Frameworks */ = {isa = PBXBuildFile; fileRef = 3A7FBB9819EE50B700CEFC43 /* CoreGraphics.framework */; };
		3A7FBB9B19EE50B700CEFC43 /* UIKit.framework in Frameworks */ = {isa = PBXBuildFile; fileRef = 3A7FBB9A19EE50B700CEFC43 /* UIKit.framework */; };
		3A7FBBA119EE50B700CEFC43 /* InfoPlist.strings in Resources */ = {isa = PBXBuildFile; fileRef = 3A7FBB9F19EE50B700CEFC43 /* InfoPlist.strings */; };
		3A7FBBA319EE50B700CEFC43 /* main.m in Sources */ = {isa = PBXBuildFile; fileRef = 3A7FBBA219EE50B700CEFC43 /* main.m */; };
		3A7FBBA719EE50B700CEFC43 /* AppDelegate.m in Sources */ = {isa = PBXBuildFile; fileRef = 3A7FBBA619EE50B700CEFC43 /* AppDelegate.m */; };
		3A7FBBA919EE50B700CEFC43 /* Images.xcassets in Resources */ = {isa = PBXBuildFile; fileRef = 3A7FBBA819EE50B700CEFC43 /* Images.xcassets */; };
		3A7FBBB019EE50B700CEFC43 /* XCTest.framework in Frameworks */ = {isa = PBXBuildFile; fileRef = 3A7FBBAF19EE50B700CEFC43 /* XCTest.framework */; };
		3A7FBBB119EE50B700CEFC43 /* Foundation.framework in Frameworks */ = {isa = PBXBuildFile; fileRef = 3A7FBB9619EE50B700CEFC43 /* Foundation.framework */; };
		3A7FBBB219EE50B700CEFC43 /* UIKit.framework in Frameworks */ = {isa = PBXBuildFile; fileRef = 3A7FBB9A19EE50B700CEFC43 /* UIKit.framework */; };
		3A7FBBBA19EE50B700CEFC43 /* InfoPlist.strings in Resources */ = {isa = PBXBuildFile; fileRef = 3A7FBBB819EE50B700CEFC43 /* InfoPlist.strings */; };
		3A7FBBBC19EE50B700CEFC43 /* SkyFallTests.m in Sources */ = {isa = PBXBuildFile; fileRef = 3A7FBBBB19EE50B700CEFC43 /* SkyFallTests.m */; };
		3A7FBBC819EE51CB00CEFC43 /* GameViewController.m in Sources */ = {isa = PBXBuildFile; fileRef = 3A7FBBC619EE51CB00CEFC43 /* GameViewController.m */; };
		3A7FBBC919EE51CB00CEFC43 /* GameViewController.xib in Resources */ = {isa = PBXBuildFile; fileRef = 3A7FBBC719EE51CB00CEFC43 /* GameViewController.xib */; };
		3A7FBBCD19EE5A0000CEFC43 /* duck.png in Resources */ = {isa = PBXBuildFile; fileRef = 3A7FBBCC19EE5A0000CEFC43 /* duck.png */; };
		3A7FBBD319EE6FB800CEFC43 /* PlayerController.m in Sources */ = {isa = PBXBuildFile; fileRef = 3A7FBBD219EE6FB800CEFC43 /* PlayerController.m */; };
		3AA10CF219F4FFAD004F3424 /* HighScoresViewController.m in Sources */ = {isa = PBXBuildFile; fileRef = 3AA10CF119F4FFAD004F3424 /* HighScoresViewController.m */; };
		3AA10CF519F501F5004F3424 /* FileHandler.m in Sources */ = {isa = PBXBuildFile; fileRef = 3AA10CF419F501F5004F3424 /* FileHandler.m */; };
		3ABBA64119F78A1C00833236 /* FallingObject.m in Sources */ = {isa = PBXBuildFile; fileRef = 3ABBA64019F78A1C00833236 /* FallingObject.m */; };
		3ABD63F319F5DEFD00236B63 /* high_scores.json in Resources */ = {isa = PBXBuildFile; fileRef = 3ABD63F219F5DEFD00236B63 /* high_scores.json */; };
/* End PBXBuildFile section */

/* Begin PBXContainerItemProxy section */
		3A7FBBB319EE50B700CEFC43 /* PBXContainerItemProxy */ = {
			isa = PBXContainerItemProxy;
			containerPortal = 3A7FBB8B19EE50B700CEFC43 /* Project object */;
			proxyType = 1;
			remoteGlobalIDString = 3A7FBB9219EE50B700CEFC43;
			remoteInfo = SkyFall;
		};
/* End PBXContainerItemProxy section */

/* Begin PBXFileReference section */
		3A1748C219F0CFF300F1FE2E /* MainMenuViewController.h */ = {isa = PBXFileReference; fileEncoding = 4; lastKnownFileType = sourcecode.c.h; path = MainMenuViewController.h; sourceTree = "<group>"; };
		3A1748C319F0CFF300F1FE2E /* MainMenuViewController.m */ = {isa = PBXFileReference; fileEncoding = 4; lastKnownFileType = sourcecode.c.objc; path = MainMenuViewController.m; sourceTree = "<group>"; };
		3A1748C419F0CFF300F1FE2E /* MainMenuViewController.xib */ = {isa = PBXFileReference; fileEncoding = 4; lastKnownFileType = file.xib; path = MainMenuViewController.xib; sourceTree = "<group>"; };
		3A1748C719F0F56F00F1FE2E /* GameOverViewController.h */ = {isa = PBXFileReference; fileEncoding = 4; lastKnownFileType = sourcecode.c.h; path = GameOverViewController.h; sourceTree = "<group>"; };
		3A1748C819F0F56F00F1FE2E /* GameOverViewController.m */ = {isa = PBXFileReference; fileEncoding = 4; lastKnownFileType = sourcecode.c.objc; path = GameOverViewController.m; sourceTree = "<group>"; };
		3A1748C919F0F56F00F1FE2E /* GameOverViewController.xib */ = {isa = PBXFileReference; fileEncoding = 4; lastKnownFileType = file.xib; path = GameOverViewController.xib; sourceTree = "<group>"; };
		3A553E3819EF5DB7005FE35B /* meteor.png */ = {isa = PBXFileReference; lastKnownFileType = image.png; path = meteor.png; sourceTree = "<group>"; };
		3A7FBB9319EE50B700CEFC43 /* SkyFall.app */ = {isa = PBXFileReference; explicitFileType = wrapper.application; includeInIndex = 0; path = SkyFall.app; sourceTree = BUILT_PRODUCTS_DIR; };
		3A7FBB9619EE50B700CEFC43 /* Foundation.framework */ = {isa = PBXFileReference; lastKnownFileType = wrapper.framework; name = Foundation.framework; path = System/Library/Frameworks/Foundation.framework; sourceTree = SDKROOT; };
		3A7FBB9819EE50B700CEFC43 /* CoreGraphics.framework */ = {isa = PBXFileReference; lastKnownFileType = wrapper.framework; name = CoreGraphics.framework; path = System/Library/Frameworks/CoreGraphics.framework; sourceTree = SDKROOT; };
		3A7FBB9A19EE50B700CEFC43 /* UIKit.framework */ = {isa = PBXFileReference; lastKnownFileType = wrapper.framework; name = UIKit.framework; path = System/Library/Frameworks/UIKit.framework; sourceTree = SDKROOT; };
		3A7FBB9E19EE50B700CEFC43 /* SkyFall-Info.plist */ = {isa = PBXFileReference; lastKnownFileType = text.plist.xml; path = "SkyFall-Info.plist"; sourceTree = "<group>"; };
		3A7FBBA019EE50B700CEFC43 /* en */ = {isa = PBXFileReference; lastKnownFileType = text.plist.strings; name = en; path = en.lproj/InfoPlist.strings; sourceTree = "<group>"; };
		3A7FBBA219EE50B700CEFC43 /* main.m */ = {isa = PBXFileReference; lastKnownFileType = sourcecode.c.objc; path = main.m; sourceTree = "<group>"; };
		3A7FBBA419EE50B700CEFC43 /* SkyFall-Prefix.pch */ = {isa = PBXFileReference; lastKnownFileType = sourcecode.c.h; path = "SkyFall-Prefix.pch"; sourceTree = "<group>"; };
		3A7FBBA519EE50B700CEFC43 /* AppDelegate.h */ = {isa = PBXFileReference; lastKnownFileType = sourcecode.c.h; path = AppDelegate.h; sourceTree = "<group>"; };
		3A7FBBA619EE50B700CEFC43 /* AppDelegate.m */ = {isa = PBXFileReference; lastKnownFileType = sourcecode.c.objc; path = AppDelegate.m; sourceTree = "<group>"; };
		3A7FBBA819EE50B700CEFC43 /* Images.xcassets */ = {isa = PBXFileReference; lastKnownFileType = folder.assetcatalog; path = Images.xcassets; sourceTree = "<group>"; };
		3A7FBBAE19EE50B700CEFC43 /* SkyFallTests.xctest */ = {isa = PBXFileReference; explicitFileType = wrapper.cfbundle; includeInIndex = 0; path = SkyFallTests.xctest; sourceTree = BUILT_PRODUCTS_DIR; };
		3A7FBBAF19EE50B700CEFC43 /* XCTest.framework */ = {isa = PBXFileReference; lastKnownFileType = wrapper.framework; name = XCTest.framework; path = Library/Frameworks/XCTest.framework; sourceTree = DEVELOPER_DIR; };
		3A7FBBB719EE50B700CEFC43 /* SkyFallTests-Info.plist */ = {isa = PBXFileReference; lastKnownFileType = text.plist.xml; path = "SkyFallTests-Info.plist"; sourceTree = "<group>"; };
		3A7FBBB919EE50B700CEFC43 /* en */ = {isa = PBXFileReference; lastKnownFileType = text.plist.strings; name = en; path = en.lproj/InfoPlist.strings; sourceTree = "<group>"; };
		3A7FBBBB19EE50B700CEFC43 /* SkyFallTests.m */ = {isa = PBXFileReference; lastKnownFileType = sourcecode.c.objc; path = SkyFallTests.m; sourceTree = "<group>"; };
		3A7FBBC519EE51CB00CEFC43 /* GameViewController.h */ = {isa = PBXFileReference; fileEncoding = 4; lastKnownFileType = sourcecode.c.h; path = GameViewController.h; sourceTree = "<group>"; };
		3A7FBBC619EE51CB00CEFC43 /* GameViewController.m */ = {isa = PBXFileReference; fileEncoding = 4; lastKnownFileType = sourcecode.c.objc; path = GameViewController.m; sourceTree = "<group>"; };
		3A7FBBC719EE51CB00CEFC43 /* GameViewController.xib */ = {isa = PBXFileReference; fileEncoding = 4; lastKnownFileType = file.xib; path = GameViewController.xib; sourceTree = "<group>"; };
		3A7FBBCC19EE5A0000CEFC43 /* duck.png */ = {isa = PBXFileReference; lastKnownFileType = image.png; path = duck.png; sourceTree = "<group>"; };
		3A7FBBD119EE6FB800CEFC43 /* PlayerController.h */ = {isa = PBXFileReference; fileEncoding = 4; lastKnownFileType = sourcecode.c.h; path = PlayerController.h; sourceTree = "<group>"; };
		3A7FBBD219EE6FB800CEFC43 /* PlayerController.m */ = {isa = PBXFileReference; fileEncoding = 4; lastKnownFileType = sourcecode.c.objc; path = PlayerController.m; sourceTree = "<group>"; };
		3AA10CF019F4FFAD004F3424 /* HighScoresViewController.h */ = {isa = PBXFileReference; fileEncoding = 4; lastKnownFileType = sourcecode.c.h; path = HighScoresViewController.h; sourceTree = "<group>"; };
		3AA10CF119F4FFAD004F3424 /* HighScoresViewController.m */ = {isa = PBXFileReference; fileEncoding = 4; lastKnownFileType = sourcecode.c.objc; path = HighScoresViewController.m; sourceTree = "<group>"; };
		3AA10CF319F501F5004F3424 /* FileHandler.h */ = {isa = PBXFileReference; fileEncoding = 4; lastKnownFileType = sourcecode.c.h; path = FileHandler.h; sourceTree = "<group>"; };
		3AA10CF419F501F5004F3424 /* FileHandler.m */ = {isa = PBXFileReference; fileEncoding = 4; lastKnownFileType = sourcecode.c.objc; path = FileHandler.m; sourceTree = "<group>"; };
		3ABBA63F19F78A1C00833236 /* FallingObject.h */ = {isa = PBXFileReference; fileEncoding = 4; lastKnownFileType = sourcecode.c.h; path = FallingObject.h; sourceTree = "<group>"; };
		3ABBA64019F78A1C00833236 /* FallingObject.m */ = {isa = PBXFileReference; fileEncoding = 4; lastKnownFileType = sourcecode.c.objc; path = FallingObject.m; sourceTree = "<group>"; };
		3ABD63F219F5DEFD00236B63 /* high_scores.json */ = {isa = PBXFileReference; fileEncoding = 4; lastKnownFileType = text.json; path = high_scores.json; sourceTree = "<group>"; };
/* End PBXFileReference section */

/* Begin PBXFrameworksBuildPhase section */
		3A7FBB9019EE50B700CEFC43 /* Frameworks */ = {
			isa = PBXFrameworksBuildPhase;
			buildActionMask = 2147483647;
			files = (
				3A7FBB9919EE50B700CEFC43 /* CoreGraphics.framework in Frameworks */,
				3A7FBB9B19EE50B700CEFC43 /* UIKit.framework in Frameworks */,
				3A7FBB9719EE50B700CEFC43 /* Foundation.framework in Frameworks */,
			);
			runOnlyForDeploymentPostprocessing = 0;
		};
		3A7FBBAB19EE50B700CEFC43 /* Frameworks */ = {
			isa = PBXFrameworksBuildPhase;
			buildActionMask = 2147483647;
			files = (
				3A7FBBB019EE50B700CEFC43 /* XCTest.framework in Frameworks */,
				3A7FBBB219EE50B700CEFC43 /* UIKit.framework in Frameworks */,
				3A7FBBB119EE50B700CEFC43 /* Foundation.framework in Frameworks */,
			);
			runOnlyForDeploymentPostprocessing = 0;
		};
/* End PBXFrameworksBuildPhase section */

/* Begin PBXGroup section */
		3A7FBB8A19EE50B700CEFC43 = {
			isa = PBXGroup;
			children = (
				3A7FBB9C19EE50B700CEFC43 /* SkyFall */,
				3A7FBBB519EE50B700CEFC43 /* SkyFallTests */,
				3A7FBB9519EE50B700CEFC43 /* Frameworks */,
				3A7FBB9419EE50B700CEFC43 /* Products */,
			);
			sourceTree = "<group>";
		};
		3A7FBB9419EE50B700CEFC43 /* Products */ = {
			isa = PBXGroup;
			children = (
				3A7FBB9319EE50B700CEFC43 /* SkyFall.app */,
				3A7FBBAE19EE50B700CEFC43 /* SkyFallTests.xctest */,
			);
			name = Products;
			sourceTree = "<group>";
		};
		3A7FBB9519EE50B700CEFC43 /* Frameworks */ = {
			isa = PBXGroup;
			children = (
				3A7FBB9619EE50B700CEFC43 /* Foundation.framework */,
				3A7FBB9819EE50B700CEFC43 /* CoreGraphics.framework */,
				3A7FBB9A19EE50B700CEFC43 /* UIKit.framework */,
				3A7FBBAF19EE50B700CEFC43 /* XCTest.framework */,
			);
			name = Frameworks;
			sourceTree = "<group>";
		};
		3A7FBB9C19EE50B700CEFC43 /* SkyFall */ = {
			isa = PBXGroup;
			children = (
				3A7FBBA519EE50B700CEFC43 /* AppDelegate.h */,
				3A7FBBA619EE50B700CEFC43 /* AppDelegate.m */,
				3A7FBBC519EE51CB00CEFC43 /* GameViewController.h */,
				3A7FBBC619EE51CB00CEFC43 /* GameViewController.m */,
				3A7FBBC719EE51CB00CEFC43 /* GameViewController.xib */,
				3A7FBBD119EE6FB800CEFC43 /* PlayerController.h */,
				3A7FBBD219EE6FB800CEFC43 /* PlayerController.m */,
				3A1748C219F0CFF300F1FE2E /* MainMenuViewController.h */,
				3ABBA63F19F78A1C00833236 /* FallingObject.h */,
				3ABBA64019F78A1C00833236 /* FallingObject.m */,
				3A1748C319F0CFF300F1FE2E /* MainMenuViewController.m */,
				3A1748C419F0CFF300F1FE2E /* MainMenuViewController.xib */,
				3A1748C719F0F56F00F1FE2E /* GameOverViewController.h */,
				3A1748C819F0F56F00F1FE2E /* GameOverViewController.m */,
				3A1748C919F0F56F00F1FE2E /* GameOverViewController.xib */,
				3AA10CF019F4FFAD004F3424 /* HighScoresViewController.h */,
				3AA10CF119F4FFAD004F3424 /* HighScoresViewController.m */,
				3AA10CF319F501F5004F3424 /* FileHandler.h */,
				3AA10CF419F501F5004F3424 /* FileHandler.m */,
				3A7FBBA819EE50B700CEFC43 /* Images.xcassets */,
				3A7FBBCA19EE59DA00CEFC43 /* Resources */,
				3A7FBB9D19EE50B700CEFC43 /* Supporting Files */,
			);
			path = SkyFall;
			sourceTree = "<group>";
		};
		3A7FBB9D19EE50B700CEFC43 /* Supporting Files */ = {
			isa = PBXGroup;
			children = (
				3A7FBB9E19EE50B700CEFC43 /* SkyFall-Info.plist */,
				3A7FBB9F19EE50B700CEFC43 /* InfoPlist.strings */,
				3A7FBBA219EE50B700CEFC43 /* main.m */,
				3A7FBBA419EE50B700CEFC43 /* SkyFall-Prefix.pch */,
			);
			name = "Supporting Files";
			sourceTree = "<group>";
		};
		3A7FBBB519EE50B700CEFC43 /* SkyFallTests */ = {
			isa = PBXGroup;
			children = (
				3A7FBBBB19EE50B700CEFC43 /* SkyFallTests.m */,
				3A7FBBB619EE50B700CEFC43 /* Supporting Files */,
			);
			path = SkyFallTests;
			sourceTree = "<group>";
		};
		3A7FBBB619EE50B700CEFC43 /* Supporting Files */ = {
			isa = PBXGroup;
			children = (
				3A7FBBB719EE50B700CEFC43 /* SkyFallTests-Info.plist */,
				3A7FBBB819EE50B700CEFC43 /* InfoPlist.strings */,
			);
			name = "Supporting Files";
			sourceTree = "<group>";
		};
		3A7FBBCA19EE59DA00CEFC43 /* Resources */ = {
			isa = PBXGroup;
			children = (
				3ABD63F219F5DEFD00236B63 /* high_scores.json */,
				3A7FBBCB19EE59E700CEFC43 /* Images */,
			);
			name = Resources;
			sourceTree = "<group>";
		};
		3A7FBBCB19EE59E700CEFC43 /* Images */ = {
			isa = PBXGroup;
			children = (
				3A7FBBCC19EE5A0000CEFC43 /* duck.png */,
				3A553E3819EF5DB7005FE35B /* meteor.png */,
			);
			name = Images;
			sourceTree = "<group>";
		};
/* End PBXGroup section */

/* Begin PBXNativeTarget section */
		3A7FBB9219EE50B700CEFC43 /* SkyFall */ = {
			isa = PBXNativeTarget;
			buildConfigurationList = 3A7FBBBF19EE50B700CEFC43 /* Build configuration list for PBXNativeTarget "SkyFall" */;
			buildPhases = (
				3A7FBB8F19EE50B700CEFC43 /* Sources */,
				3A7FBB9019EE50B700CEFC43 /* Frameworks */,
				3A7FBB9119EE50B700CEFC43 /* Resources */,
			);
			buildRules = (
			);
			dependencies = (
			);
			name = SkyFall;
			productName = SkyFall;
			productReference = 3A7FBB9319EE50B700CEFC43 /* SkyFall.app */;
			productType = "com.apple.product-type.application";
		};
		3A7FBBAD19EE50B700CEFC43 /* SkyFallTests */ = {
			isa = PBXNativeTarget;
			buildConfigurationList = 3A7FBBC219EE50B700CEFC43 /* Build configuration list for PBXNativeTarget "SkyFallTests" */;
			buildPhases = (
				3A7FBBAA19EE50B700CEFC43 /* Sources */,
				3A7FBBAB19EE50B700CEFC43 /* Frameworks */,
				3A7FBBAC19EE50B700CEFC43 /* Resources */,
			);
			buildRules = (
			);
			dependencies = (
				3A7FBBB419EE50B700CEFC43 /* PBXTargetDependency */,
			);
			name = SkyFallTests;
			productName = SkyFallTests;
			productReference = 3A7FBBAE19EE50B700CEFC43 /* SkyFallTests.xctest */;
			productType = "com.apple.product-type.bundle.unit-test";
		};
/* End PBXNativeTarget section */

/* Begin PBXProject section */
		3A7FBB8B19EE50B700CEFC43 /* Project object */ = {
			isa = PBXProject;
			attributes = {
				LastUpgradeCheck = 0510;
				ORGANIZATIONNAME = "Klab Cyscorpions";
				TargetAttributes = {
					3A7FBBAD19EE50B700CEFC43 = {
						TestTargetID = 3A7FBB9219EE50B700CEFC43;
					};
				};
			};
			buildConfigurationList = 3A7FBB8E19EE50B700CEFC43 /* Build configuration list for PBXProject "SkyFall" */;
			compatibilityVersion = "Xcode 3.2";
			developmentRegion = English;
			hasScannedForEncodings = 0;
			knownRegions = (
				en,
			);
			mainGroup = 3A7FBB8A19EE50B700CEFC43;
			productRefGroup = 3A7FBB9419EE50B700CEFC43 /* Products */;
			projectDirPath = "";
			projectRoot = "";
			targets = (
				3A7FBB9219EE50B700CEFC43 /* SkyFall */,
				3A7FBBAD19EE50B700CEFC43 /* SkyFallTests */,
			);
		};
/* End PBXProject section */

/* Begin PBXResourcesBuildPhase section */
		3A7FBB9119EE50B700CEFC43 /* Resources */ = {
			isa = PBXResourcesBuildPhase;
			buildActionMask = 2147483647;
			files = (
				3A553E3919EF5DB7005FE35B /* meteor.png in Resources */,
				3A7FBBA119EE50B700CEFC43 /* InfoPlist.strings in Resources */,
				3A7FBBA919EE50B700CEFC43 /* Images.xcassets in Resources */,
				3A7FBBCD19EE5A0000CEFC43 /* duck.png in Resources */,
				3A1748C619F0CFF300F1FE2E /* MainMenuViewController.xib in Resources */,
				3A7FBBC919EE51CB00CEFC43 /* GameViewController.xib in Resources */,
				3ABD63F319F5DEFD00236B63 /* high_scores.json in Resources */,
				3A1748CB19F0F56F00F1FE2E /* GameOverViewController.xib in Resources */,
			);
			runOnlyForDeploymentPostprocessing = 0;
		};
		3A7FBBAC19EE50B700CEFC43 /* Resources */ = {
			isa = PBXResourcesBuildPhase;
			buildActionMask = 2147483647;
			files = (
				3A7FBBBA19EE50B700CEFC43 /* InfoPlist.strings in Resources */,
			);
			runOnlyForDeploymentPostprocessing = 0;
		};
/* End PBXResourcesBuildPhase section */

/* Begin PBXSourcesBuildPhase section */
		3A7FBB8F19EE50B700CEFC43 /* Sources */ = {
			isa = PBXSourcesBuildPhase;
			buildActionMask = 2147483647;
			files = (
				3A7FBBA719EE50B700CEFC43 /* AppDelegate.m in Sources */,
				3A7FBBC819EE51CB00CEFC43 /* GameViewController.m in Sources */,
				3AA10CF519F501F5004F3424 /* FileHandler.m in Sources */,
				3AA10CF219F4FFAD004F3424 /* HighScoresViewController.m in Sources */,
				3A7FBBD319EE6FB800CEFC43 /* PlayerController.m in Sources */,
				3ABBA64119F78A1C00833236 /* FallingObject.m in Sources */,
				3A1748CA19F0F56F00F1FE2E /* GameOverViewController.m in Sources */,
				3A1748C519F0CFF300F1FE2E /* MainMenuViewController.m in Sources */,
				3A7FBBA319EE50B700CEFC43 /* main.m in Sources */,
			);
			runOnlyForDeploymentPostprocessing = 0;
		};
		3A7FBBAA19EE50B700CEFC43 /* Sources */ = {
			isa = PBXSourcesBuildPhase;
			buildActionMask = 2147483647;
			files = (
				3A7FBBBC19EE50B700CEFC43 /* SkyFallTests.m in Sources */,
			);
			runOnlyForDeploymentPostprocessing = 0;
		};
/* End PBXSourcesBuildPhase section */

/* Begin PBXTargetDependency section */
		3A7FBBB419EE50B700CEFC43 /* PBXTargetDependency */ = {
			isa = PBXTargetDependency;
			target = 3A7FBB9219EE50B700CEFC43 /* SkyFall */;
			targetProxy = 3A7FBBB319EE50B700CEFC43 /* PBXContainerItemProxy */;
		};
/* End PBXTargetDependency section */

/* Begin PBXVariantGroup section */
		3A7FBB9F19EE50B700CEFC43 /* InfoPlist.strings */ = {
			isa = PBXVariantGroup;
			children = (
				3A7FBBA019EE50B700CEFC43 /* en */,
			);
			name = InfoPlist.strings;
			sourceTree = "<group>";
		};
		3A7FBBB819EE50B700CEFC43 /* InfoPlist.strings */ = {
			isa = PBXVariantGroup;
			children = (
				3A7FBBB919EE50B700CEFC43 /* en */,
			);
			name = InfoPlist.strings;
			sourceTree = "<group>";
		};
/* End PBXVariantGroup section */

/* Begin XCBuildConfiguration section */
		3A7FBBBD19EE50B700CEFC43 /* Debug */ = {
			isa = XCBuildConfiguration;
			buildSettings = {
				ALWAYS_SEARCH_USER_PATHS = NO;
				CLANG_CXX_LANGUAGE_STANDARD = "gnu++0x";
				CLANG_CXX_LIBRARY = "libc++";
				CLANG_ENABLE_MODULES = YES;
				CLANG_ENABLE_OBJC_ARC = NO;
				CLANG_WARN_BOOL_CONVERSION = YES;
				CLANG_WARN_CONSTANT_CONVERSION = YES;
				CLANG_WARN_DIRECT_OBJC_ISA_USAGE = YES_ERROR;
				CLANG_WARN_EMPTY_BODY = YES;
				CLANG_WARN_ENUM_CONVERSION = YES;
				CLANG_WARN_INT_CONVERSION = YES;
				CLANG_WARN_OBJC_ROOT_CLASS = YES_ERROR;
				CLANG_WARN__DUPLICATE_METHOD_MATCH = YES;
				CODE_SIGN_IDENTITY = "iPhone Developer";
				"CODE_SIGN_IDENTITY[sdk=iphoneos*]" = "iPhone Developer";
				COPY_PHASE_STRIP = NO;
				GCC_C_LANGUAGE_STANDARD = gnu99;
				GCC_DYNAMIC_NO_PIC = NO;
				GCC_OPTIMIZATION_LEVEL = 0;
				GCC_PREPROCESSOR_DEFINITIONS = (
					"DEBUG=1",
					"$(inherited)",
				);
				GCC_SYMBOLS_PRIVATE_EXTERN = NO;
				GCC_WARN_64_TO_32_BIT_CONVERSION = YES;
				GCC_WARN_ABOUT_RETURN_TYPE = YES_ERROR;
				GCC_WARN_UNDECLARED_SELECTOR = YES;
				GCC_WARN_UNINITIALIZED_AUTOS = YES_AGGRESSIVE;
				GCC_WARN_UNUSED_FUNCTION = YES;
				GCC_WARN_UNUSED_VARIABLE = YES;
				IPHONEOS_DEPLOYMENT_TARGET = 7.1;
				ONLY_ACTIVE_ARCH = YES;
				PROVISIONING_PROFILE = "";
				SDKROOT = iphoneos;
			};
			name = Debug;
		};
		3A7FBBBE19EE50B700CEFC43 /* Release */ = {
			isa = XCBuildConfiguration;
			buildSettings = {
				ALWAYS_SEARCH_USER_PATHS = NO;
				CLANG_CXX_LANGUAGE_STANDARD = "gnu++0x";
				CLANG_CXX_LIBRARY = "libc++";
				CLANG_ENABLE_MODULES = YES;
				CLANG_ENABLE_OBJC_ARC = NO;
				CLANG_WARN_BOOL_CONVERSION = YES;
				CLANG_WARN_CONSTANT_CONVERSION = YES;
				CLANG_WARN_DIRECT_OBJC_ISA_USAGE = YES_ERROR;
				CLANG_WARN_EMPTY_BODY = YES;
				CLANG_WARN_ENUM_CONVERSION = YES;
				CLANG_WARN_INT_CONVERSION = YES;
				CLANG_WARN_OBJC_ROOT_CLASS = YES_ERROR;
				CLANG_WARN__DUPLICATE_METHOD_MATCH = YES;
				CODE_SIGN_IDENTITY = "iPhone Developer";
				"CODE_SIGN_IDENTITY[sdk=iphoneos*]" = "iPhone Developer";
				COPY_PHASE_STRIP = YES;
				ENABLE_NS_ASSERTIONS = NO;
				GCC_C_LANGUAGE_STANDARD = gnu99;
				GCC_WARN_64_TO_32_BIT_CONVERSION = YES;
				GCC_WARN_ABOUT_RETURN_TYPE = YES_ERROR;
				GCC_WARN_UNDECLARED_SELECTOR = YES;
				GCC_WARN_UNINITIALIZED_AUTOS = YES_AGGRESSIVE;
				GCC_WARN_UNUSED_FUNCTION = YES;
				GCC_WARN_UNUSED_VARIABLE = YES;
				IPHONEOS_DEPLOYMENT_TARGET = 7.1;
				PROVISIONING_PROFILE = "";
				SDKROOT = iphoneos;
				VALIDATE_PRODUCT = YES;
			};
			name = Release;
		};
		3A7FBBC019EE50B700CEFC43 /* Debug */ = {
			isa = XCBuildConfiguration;
			buildSettings = {
				ASSETCATALOG_COMPILER_APPICON_NAME = AppIcon;
				ASSETCATALOG_COMPILER_LAUNCHIMAGE_NAME = LaunchImage;
				GCC_PRECOMPILE_PREFIX_HEADER = YES;
				GCC_PREFIX_HEADER = "SkyFall/SkyFall-Prefix.pch";
				INFOPLIST_FILE = "SkyFall/SkyFall-Info.plist";
				PRODUCT_NAME = "$(TARGET_NAME)";
				WRAPPER_EXTENSION = app;
			};
			name = Debug;
		};
		3A7FBBC119EE50B700CEFC43 /* Release */ = {
			isa = XCBuildConfiguration;
			buildSettings = {
				ASSETCATALOG_COMPILER_APPICON_NAME = AppIcon;
				ASSETCATALOG_COMPILER_LAUNCHIMAGE_NAME = LaunchImage;
				GCC_PRECOMPILE_PREFIX_HEADER = YES;
				GCC_PREFIX_HEADER = "SkyFall/SkyFall-Prefix.pch";
				INFOPLIST_FILE = "SkyFall/SkyFall-Info.plist";
				PRODUCT_NAME = "$(TARGET_NAME)";
				WRAPPER_EXTENSION = app;
			};
			name = Release;
		};
		3A7FBBC319EE50B700CEFC43 /* Debug */ = {
			isa = XCBuildConfiguration;
			buildSettings = {
				BUNDLE_LOADER = "$(BUILT_PRODUCTS_DIR)/SkyFall.app/SkyFall";
				FRAMEWORK_SEARCH_PATHS = (
					"$(SDKROOT)/Developer/Library/Frameworks",
					"$(inherited)",
					"$(DEVELOPER_FRAMEWORKS_DIR)",
				);
				GCC_PRECOMPILE_PREFIX_HEADER = YES;
				GCC_PREFIX_HEADER = "SkyFall/SkyFall-Prefix.pch";
				GCC_PREPROCESSOR_DEFINITIONS = (
					"DEBUG=1",
					"$(inherited)",
				);
				INFOPLIST_FILE = "SkyFallTests/SkyFallTests-Info.plist";
				PRODUCT_NAME = "$(TARGET_NAME)";
				TEST_HOST = "$(BUNDLE_LOADER)";
				WRAPPER_EXTENSION = xctest;
			};
			name = Debug;
		};
		3A7FBBC419EE50B700CEFC43 /* Release */ = {
			isa = XCBuildConfiguration;
			buildSettings = {
				BUNDLE_LOADER = "$(BUILT_PRODUCTS_DIR)/SkyFall.app/SkyFall";
				FRAMEWORK_SEARCH_PATHS = (
					"$(SDKROOT)/Developer/Library/Frameworks",
					"$(inherited)",
					"$(DEVELOPER_FRAMEWORKS_DIR)",
				);
				GCC_PRECOMPILE_PREFIX_HEADER = YES;
				GCC_PREFIX_HEADER = "SkyFall/SkyFall-Prefix.pch";
				INFOPLIST_FILE = "SkyFallTests/SkyFallTests-Info.plist";
				PRODUCT_NAME = "$(TARGET_NAME)";
				TEST_HOST = "$(BUNDLE_LOADER)";
				WRAPPER_EXTENSION = xctest;
			};
			name = Release;
		};
/* End XCBuildConfiguration section */

/* Begin XCConfigurationList section */
		3A7FBB8E19EE50B700CEFC43 /* Build configuration list for PBXProject "SkyFall" */ = {
			isa = XCConfigurationList;
			buildConfigurations = (
				3A7FBBBD19EE50B700CEFC43 /* Debug */,
				3A7FBBBE19EE50B700CEFC43 /* Release */,
			);
			defaultConfigurationIsVisible = 0;
			defaultConfigurationName = Release;
		};
		3A7FBBBF19EE50B700CEFC43 /* Build configuration list for PBXNativeTarget "SkyFall" */ = {
			isa = XCConfigurationList;
			buildConfigurations = (
				3A7FBBC019EE50B700CEFC43 /* Debug */,
				3A7FBBC119EE50B700CEFC43 /* Release */,
			);
			defaultConfigurationIsVisible = 0;
			defaultConfigurationName = Release;
		};
		3A7FBBC219EE50B700CEFC43 /* Build configuration list for PBXNativeTarget "SkyFallTests" */ = {
			isa = XCConfigurationList;
			buildConfigurations = (
				3A7FBBC319EE50B700CEFC43 /* Debug */,
				3A7FBBC419EE50B700CEFC43 /* Release */,
			);
			defaultConfigurationIsVisible = 0;
			defaultConfigurationName = Release;
		};
/* End XCConfigurationList section */
	};
	rootObject = 3A7FBB8B19EE50B700CEFC43 /* Project object */;
}
